
Microsoft Visual Studio Solution File, Format Version 12.00
# Visual Studio Version 17
VisualStudioVersion = 17.10.35201.131
MinimumVisualStudioVersion = 10.0.40219.1
Project("{FAE04EC0-301F-11D3-BF4B-00C04F79EFBC}") = "ENAE202309011AutenticacionJWTMinimalAPI", "ENAE202309011AutenticacionJWTMinimalAPI\ENAE202309011AutenticacionJWTMinimalAPI.csproj", "{0DF100A6-A707-44D2-A22E-17BC6A9C1C49}"
EndProject
Global
	GlobalSection(SolutionConfigurationPlatforms) = preSolution
		Debug|Any CPU = Debug|Any CPU
		Release|Any CPU = Release|Any CPU
	EndGlobalSection
	GlobalSection(ProjectConfigurationPlatforms) = postSolution
		{0DF100A6-A707-44D2-A22E-17BC6A9C1C49}.Debug|Any CPU.ActiveCfg = Debug|Any CPU
		{0DF100A6-A707-44D2-A22E-17BC6A9C1C49}.Debug|Any CPU.Build.0 = Debug|Any CPU
		{0DF100A6-A707-44D2-A22E-17BC6A9C1C49}.Release|Any CPU.ActiveCfg = Release|Any CPU
		{0DF100A6-A707-44D2-A22E-17BC6A9C1C49}.Release|Any CPU.Build.0 = Release|Any CPU
	EndGlobalSection
	GlobalSection(SolutionProperties) = preSolution
		HideSolutionNode = FALSE
	EndGlobalSection
	GlobalSection(ExtensibilityGlobals) = postSolution
		SolutionGuid = {DC9F73C6-25CE-42AE-9E77-6EA3E910ECE8}
	EndGlobalSection
EndGlobal
